version = 1
revision = 3
requires-python = "==3.13.*"

[[package]]
name = "colorama"
version = "0.4.6"
source = { registry = "https://pypi.org/simple" }
sdist = { url = "https://files.pythonhosted.org/packages/d8/53/6f443c9a4a8358a93a6792e2acffb9d9d5cb0a5cfd8802644b7b1c9a02e4/colorama-0.4.6.tar.gz", hash = "sha256:08695f5cb7ed6e0531a20572697297273c47b8cae5a63ffc6d6ed5c201be6e44", size = 27697, upload-time = "2022-10-25T02:36:22.414Z" }
wheels = [
    { url = "https://files.pythonhosted.org/packages/d1/d6/3965ed04c63042e047cb6a3e6ed1a63a35087b6a609aa3a15ed8ac56c221/colorama-0.4.6-py2.py3-none-any.whl", hash = "sha256:4f1d9991f5acc0ca119f9d443620b77f9d6b33703e51011c16baf57afb285fc6", size = 25335, upload-time = "2022-10-25T02:36:20.889Z" },
]

[[package]]
name = "firacode-mn"
version = "0.1.0"
source = { editable = "." }
dependencies = [
    { name = "opentype-feature-freezer" },
    { name = "peru" },
]

[package.optional-dependencies]
dev = [
    { name = "isort" },
    { name = "pyright" },
    { name = "pytest" },
    { name = "pytest-mock" },
    { name = "pyyaml" },
    { name = "toml" },
    { name = "yapf" },
]

[package.dev-dependencies]
dev = [
    { name = "isort" },
    { name = "pyright" },
    { name = "pytest" },
    { name = "pytest-mock" },
    { name = "pyyaml" },
    { name = "toml" },
    { name = "yapf" },
]

[package.metadata]
requires-dist = [
    { name = "isort", marker = "extra == 'dev'", specifier = ">=5.13.2" },
    { name = "opentype-feature-freezer", specifier = ">=1.32.2" },
    { name = "peru", specifier = ">=1.3.1" },
    { name = "pyright", marker = "extra == 'dev'", specifier = ">=1.1.371" },
    { name = "pytest", marker = "extra == 'dev'", specifier = ">=8.2.2" },
    { name = "pytest-mock", marker = "extra == 'dev'", specifier = ">=3.14.0" },
    { name = "pyyaml", marker = "extra == 'dev'", specifier = ">=6.0.1" },
    { name = "toml", marker = "extra == 'dev'", specifier = ">=0.10.2" },
    { name = "yapf", marker = "extra == 'dev'", specifier = ">=0.40.2" },
]
provides-extras = ["dev"]

[package.metadata.requires-dev]
dev = [
    { name = "isort", specifier = ">=6.0.1" },
    { name = "pyright", specifier = ">=1.1.403" },
    { name = "pytest", specifier = ">=8.4.1" },
    { name = "pytest-mock", specifier = ">=3.14.1" },
    { name = "pyyaml", specifier = ">=6.0.2" },
    { name = "toml", specifier = ">=0.10.2" },
    { name = "yapf", specifier = ">=0.43.0" },
]

[[package]]
name = "fonttools"
version = "4.59.0"
source = { registry = "https://pypi.org/simple" }
sdist = { url = "https://files.pythonhosted.org/packages/8a/27/ec3c723bfdf86f34c5c82bf6305df3e0f0d8ea798d2d3a7cb0c0a866d286/fonttools-4.59.0.tar.gz", hash = "sha256:be392ec3529e2f57faa28709d60723a763904f71a2b63aabe14fee6648fe3b14", size = 3532521, upload-time = "2025-07-16T12:04:54.613Z" }
wheels = [
    { url = "https://files.pythonhosted.org/packages/f3/bb/390990e7c457d377b00890d9f96a3ca13ae2517efafb6609c1756e213ba4/fonttools-4.59.0-cp313-cp313-macosx_10_13_universal2.whl", hash = "sha256:78813b49d749e1bb4db1c57f2d4d7e6db22c253cb0a86ad819f5dc197710d4b2", size = 2758704, upload-time = "2025-07-16T12:04:22.217Z" },
    { url = "https://files.pythonhosted.org/packages/df/6f/d730d9fcc9b410a11597092bd2eb9ca53e5438c6cb90e4b3047ce1b723e9/fonttools-4.59.0-cp313-cp313-macosx_10_13_x86_64.whl", hash = "sha256:401b1941ce37e78b8fd119b419b617277c65ae9417742a63282257434fd68ea2", size = 2330764, upload-time = "2025-07-16T12:04:23.985Z" },
    { url = "https://files.pythonhosted.org/packages/75/b4/b96bb66f6f8cc4669de44a158099b249c8159231d254ab6b092909388be5/fonttools-4.59.0-cp313-cp313-manylinux1_x86_64.manylinux2014_x86_64.manylinux_2_17_x86_64.manylinux_2_5_x86_64.whl", hash = "sha256:efd7e6660674e234e29937bc1481dceb7e0336bfae75b856b4fb272b5093c5d4", size = 4890699, upload-time = "2025-07-16T12:04:25.664Z" },
    { url = "https://files.pythonhosted.org/packages/b5/57/7969af50b26408be12baa317c6147588db5b38af2759e6df94554dbc5fdb/fonttools-4.59.0-cp313-cp313-manylinux2014_aarch64.manylinux_2_17_aarch64.manylinux_2_28_aarch64.whl", hash = "sha256:51ab1ff33c19e336c02dee1e9fd1abd974a4ca3d8f7eef2a104d0816a241ce97", size = 4952934, upload-time = "2025-07-16T12:04:27.733Z" },
    { url = "https://files.pythonhosted.org/packages/d6/e2/dd968053b6cf1f46c904f5bd409b22341477c017d8201619a265e50762d3/fonttools-4.59.0-cp313-cp313-musllinux_1_2_aarch64.whl", hash = "sha256:a9bf8adc9e1f3012edc8f09b08336272aec0c55bc677422273e21280db748f7c", size = 4892319, upload-time = "2025-07-16T12:04:30.074Z" },
    { url = "https://files.pythonhosted.org/packages/6b/95/a59810d8eda09129f83467a4e58f84205dc6994ebaeb9815406363e07250/fonttools-4.59.0-cp313-cp313-musllinux_1_2_x86_64.whl", hash = "sha256:37e01c6ec0c98599778c2e688350d624fa4770fbd6144551bd5e032f1199171c", size = 5034753, upload-time = "2025-07-16T12:04:32.292Z" },
    { url = "https://files.pythonhosted.org/packages/a5/84/51a69ee89ff8d1fea0c6997e946657e25a3f08513de8435fe124929f3eef/fonttools-4.59.0-cp313-cp313-win32.whl", hash = "sha256:70d6b3ceaa9cc5a6ac52884f3b3d9544e8e231e95b23f138bdb78e6d4dc0eae3", size = 2199688, upload-time = "2025-07-16T12:04:34.444Z" },
    { url = "https://files.pythonhosted.org/packages/a0/ee/f626cd372932d828508137a79b85167fdcf3adab2e3bed433f295c596c6a/fonttools-4.59.0-cp313-cp313-win_amd64.whl", hash = "sha256:26731739daa23b872643f0e4072d5939960237d540c35c14e6a06d47d71ca8fe", size = 2248560, upload-time = "2025-07-16T12:04:36.034Z" },
    { url = "https://files.pythonhosted.org/packages/d0/9c/df0ef2c51845a13043e5088f7bb988ca6cd5bb82d5d4203d6a158aa58cf2/fonttools-4.59.0-py3-none-any.whl", hash = "sha256:241313683afd3baacb32a6bd124d0bce7404bc5280e12e291bae1b9bba28711d", size = 1128050, upload-time = "2025-07-16T12:04:52.687Z" },
]

[[package]]
name = "iniconfig"
version = "2.1.0"
source = { registry = "https://pypi.org/simple" }
sdist = { url = "https://files.pythonhosted.org/packages/f2/97/ebf4da567aa6827c909642694d71c9fcf53e5b504f2d96afea02718862f3/iniconfig-2.1.0.tar.gz", hash = "sha256:3abbd2e30b36733fee78f9c7f7308f2d0050e88f0087fd25c2645f63c773e1c7", size = 4793, upload-time = "2025-03-19T20:09:59.721Z" }
wheels = [
    { url = "https://files.pythonhosted.org/packages/2c/e1/e6716421ea10d38022b952c159d5161ca1193197fb744506875fbb87ea7b/iniconfig-2.1.0-py3-none-any.whl", hash = "sha256:9deba5723312380e77435581c6bf4935c94cbfab9b1ed33ef8d238ea168eb760", size = 6050, upload-time = "2025-03-19T20:10:01.071Z" },
]

[[package]]
name = "isort"
version = "6.0.1"
source = { registry = "https://pypi.org/simple" }
sdist = { url = "https://files.pythonhosted.org/packages/b8/21/1e2a441f74a653a144224d7d21afe8f4169e6c7c20bb13aec3a2dc3815e0/isort-6.0.1.tar.gz", hash = "sha256:1cb5df28dfbc742e490c5e41bad6da41b805b0a8be7bc93cd0fb2a8a890ac450", size = 821955, upload-time = "2025-02-26T21:13:16.955Z" }
wheels = [
    { url = "https://files.pythonhosted.org/packages/c1/11/114d0a5f4dabbdcedc1125dee0888514c3c3b16d3e9facad87ed96fad97c/isort-6.0.1-py3-none-any.whl", hash = "sha256:2dc5d7f65c9678d94c88dfc29161a320eec67328bc97aad576874cb4be1e9615", size = 94186, upload-time = "2025-02-26T21:13:14.911Z" },
]

[[package]]
name = "nodeenv"
version = "1.9.1"
source = { registry = "https://pypi.org/simple" }
sdist = { url = "https://files.pythonhosted.org/packages/43/16/fc88b08840de0e0a72a2f9d8c6bae36be573e475a6326ae854bcc549fc45/nodeenv-1.9.1.tar.gz", hash = "sha256:6ec12890a2dab7946721edbfbcd91f3319c6ccc9aec47be7c7e6b7011ee6645f", size = 47437, upload-time = "2024-06-04T18:44:11.171Z" }
wheels = [
    { url = "https://files.pythonhosted.org/packages/d2/1d/1b658dbd2b9fa9c4c9f32accbfc0205d532c8c6194dc0f2a4c0428e7128a/nodeenv-1.9.1-py2.py3-none-any.whl", hash = "sha256:ba11c9782d29c27c70ffbdda2d7415098754709be8a7056d79a737cd901155c9", size = 22314, upload-time = "2024-06-04T18:44:08.352Z" },
]

[[package]]
name = "opentype-feature-freezer"
version = "1.32.2"
source = { registry = "https://pypi.org/simple" }
dependencies = [
    { name = "fonttools" },
]
sdist = { url = "https://files.pythonhosted.org/packages/78/c7/02ab8b0e62cb03c53cba7db11499893dcefa9abf693d8df977917094b51b/opentype-feature-freezer-1.32.2.tar.gz", hash = "sha256:cdc93320bfee4e2f1455476f2b5618d82f47c0d86532f1b69673666adcc2b573", size = 16950, upload-time = "2020-09-20T11:07:59.47Z" }
wheels = [
    { url = "https://files.pythonhosted.org/packages/66/5e/e46320d3c2df59c98a41b3c1f2a1bf2fb1ee1b67dbed8a9201416a3b5777/opentype_feature_freezer-1.32.2-py3-none-any.whl", hash = "sha256:e49b98c7ab37c8fe75d838319cbc0f4769a06536ec039633f1cded39b813a055", size = 14480, upload-time = "2020-09-20T11:08:00.943Z" },
]

[[package]]
name = "packaging"
version = "25.0"
source = { registry = "https://pypi.org/simple" }
sdist = { url = "https://files.pythonhosted.org/packages/a1/d4/1fc4078c65507b51b96ca8f8c3ba19e6a61c8253c72794544580a7b6c24d/packaging-25.0.tar.gz", hash = "sha256:d443872c98d677bf60f6a1f2f8c1cb748e8fe762d2bf9d3148b5599295b0fc4f", size = 165727, upload-time = "2025-04-19T11:48:59.673Z" }
wheels = [
    { url = "https://files.pythonhosted.org/packages/20/12/38679034af332785aac8774540895e234f4d07f7545804097de4b666afd8/packaging-25.0-py3-none-any.whl", hash = "sha256:29572ef2b1f17581046b3a2227d5c611fb25ec70ca1ba8554b24b0e69331a484", size = 66469, upload-time = "2025-04-19T11:48:57.875Z" },
]

[[package]]
name = "peru"
version = "1.3.4"
source = { registry = "https://pypi.org/simple" }
dependencies = [
    { name = "pyyaml" },
]
sdist = { url = "https://files.pythonhosted.org/packages/0e/96/dc9e467f61327b686b6e775ecf7e365011c44fd25b34114de926dfb54f15/peru-1.3.4.tar.gz", hash = "sha256:2ff19ae8569b783177d5cf9fb6c0e306698f7397603f2fdf4a0672d15f7dbd73", size = 97021, upload-time = "2025-06-09T07:04:13.644Z" }

[[package]]
name = "platformdirs"
version = "4.3.8"
source = { registry = "https://pypi.org/simple" }
sdist = { url = "https://files.pythonhosted.org/packages/fe/8b/3c73abc9c759ecd3f1f7ceff6685840859e8070c4d947c93fae71f6a0bf2/platformdirs-4.3.8.tar.gz", hash = "sha256:3d512d96e16bcb959a814c9f348431070822a6496326a4be0911c40b5a74c2bc", size = 21362, upload-time = "2025-05-07T22:47:42.121Z" }
wheels = [
    { url = "https://files.pythonhosted.org/packages/fe/39/979e8e21520d4e47a0bbe349e2713c0aac6f3d853d0e5b34d76206c439aa/platformdirs-4.3.8-py3-none-any.whl", hash = "sha256:ff7059bb7eb1179e2685604f4aaf157cfd9535242bd23742eadc3c13542139b4", size = 18567, upload-time = "2025-05-07T22:47:40.376Z" },
]

[[package]]
name = "pluggy"
version = "1.6.0"
source = { registry = "https://pypi.org/simple" }
sdist = { url = "https://files.pythonhosted.org/packages/f9/e2/3e91f31a7d2b083fe6ef3fa267035b518369d9511ffab804f839851d2779/pluggy-1.6.0.tar.gz", hash = "sha256:7dcc130b76258d33b90f61b658791dede3486c3e6bfb003ee5c9bfb396dd22f3", size = 69412, upload-time = "2025-05-15T12:30:07.975Z" }
wheels = [
    { url = "https://files.pythonhosted.org/packages/54/20/4d324d65cc6d9205fabedc306948156824eb9f0ee1633355a8f7ec5c66bf/pluggy-1.6.0-py3-none-any.whl", hash = "sha256:e920276dd6813095e9377c0bc5566d94c932c33b27a3e3945d8389c374dd4746", size = 20538, upload-time = "2025-05-15T12:30:06.134Z" },
]

[[package]]
name = "pygments"
version = "2.19.2"
source = { registry = "https://pypi.org/simple" }
sdist = { url = "https://files.pythonhosted.org/packages/b0/77/a5b8c569bf593b0140bde72ea885a803b82086995367bf2037de0159d924/pygments-2.19.2.tar.gz", hash = "sha256:636cb2477cec7f8952536970bc533bc43743542f70392ae026374600add5b887", size = 4968631, upload-time = "2025-06-21T13:39:12.283Z" }
wheels = [
    { url = "https://files.pythonhosted.org/packages/c7/21/705964c7812476f378728bdf590ca4b771ec72385c533964653c68e86bdc/pygments-2.19.2-py3-none-any.whl", hash = "sha256:86540386c03d588bb81d44bc3928634ff26449851e99741617ecb9037ee5ec0b", size = 1225217, upload-time = "2025-06-21T13:39:07.939Z" },
]

[[package]]
name = "pyright"
version = "1.1.403"
source = { registry = "https://pypi.org/simple" }
dependencies = [
    { name = "nodeenv" },
    { name = "typing-extensions" },
]
sdist = { url = "https://files.pythonhosted.org/packages/fe/f6/35f885264ff08c960b23d1542038d8da86971c5d8c955cfab195a4f672d7/pyright-1.1.403.tar.gz", hash = "sha256:3ab69b9f41c67fb5bbb4d7a36243256f0d549ed3608678d381d5f51863921104", size = 3913526, upload-time = "2025-07-09T07:15:52.882Z" }
wheels = [
    { url = "https://files.pythonhosted.org/packages/49/b6/b04e5c2f41a5ccad74a1a4759da41adb20b4bc9d59a5e08d29ba60084d07/pyright-1.1.403-py3-none-any.whl", hash = "sha256:c0eeca5aa76cbef3fcc271259bbd785753c7ad7bcac99a9162b4c4c7daed23b3", size = 5684504, upload-time = "2025-07-09T07:15:50.958Z" },
]

[[package]]
name = "pytest"
version = "8.4.1"
source = { registry = "https://pypi.org/simple" }
dependencies = [
    { name = "colorama", marker = "sys_platform == 'win32'" },
    { name = "iniconfig" },
    { name = "packaging" },
    { name = "pluggy" },
    { name = "pygments" },
]
sdist = { url = "https://files.pythonhosted.org/packages/08/ba/45911d754e8eba3d5a841a5ce61a65a685ff1798421ac054f85aa8747dfb/pytest-8.4.1.tar.gz", hash = "sha256:7c67fd69174877359ed9371ec3af8a3d2b04741818c51e5e99cc1742251fa93c", size = 1517714, upload-time = "2025-06-18T05:48:06.109Z" }
wheels = [
    { url = "https://files.pythonhosted.org/packages/29/16/c8a903f4c4dffe7a12843191437d7cd8e32751d5de349d45d3fe69544e87/pytest-8.4.1-py3-none-any.whl", hash = "sha256:539c70ba6fcead8e78eebbf1115e8b589e7565830d7d006a8723f19ac8a0afb7", size = 365474, upload-time = "2025-06-18T05:48:03.955Z" },
]

[[package]]
name = "pytest-mock"
version = "3.14.1"
source = { registry = "https://pypi.org/simple" }
dependencies = [
    { name = "pytest" },
]
sdist = { url = "https://files.pythonhosted.org/packages/71/28/67172c96ba684058a4d24ffe144d64783d2a270d0af0d9e792737bddc75c/pytest_mock-3.14.1.tar.gz", hash = "sha256:159e9edac4c451ce77a5cdb9fc5d1100708d2dd4ba3c3df572f14097351af80e", size = 33241, upload-time = "2025-05-26T13:58:45.167Z" }
wheels = [
    { url = "https://files.pythonhosted.org/packages/b2/05/77b60e520511c53d1c1ca75f1930c7dd8e971d0c4379b7f4b3f9644685ba/pytest_mock-3.14.1-py3-none-any.whl", hash = "sha256:178aefcd11307d874b4cd3100344e7e2d888d9791a6a1d9bfe90fbc1b74fd1d0", size = 9923, upload-time = "2025-05-26T13:58:43.487Z" },
]

[[package]]
name = "pyyaml"
version = "6.0.2"
source = { registry = "https://pypi.org/simple" }
sdist = { url = "https://files.pythonhosted.org/packages/54/ed/79a089b6be93607fa5cdaedf301d7dfb23af5f25c398d5ead2525b063e17/pyyaml-6.0.2.tar.gz", hash = "sha256:d584d9ec91ad65861cc08d42e834324ef890a082e591037abe114850ff7bbc3e", size = 130631, upload-time = "2024-08-06T20:33:50.674Z" }
wheels = [
    { url = "https://files.pythonhosted.org/packages/ef/e3/3af305b830494fa85d95f6d95ef7fa73f2ee1cc8ef5b495c7c3269fb835f/PyYAML-6.0.2-cp313-cp313-macosx_10_13_x86_64.whl", hash = "sha256:efdca5630322a10774e8e98e1af481aad470dd62c3170801852d752aa7a783ba", size = 181309, upload-time = "2024-08-06T20:32:43.4Z" },
    { url = "https://files.pythonhosted.org/packages/45/9f/3b1c20a0b7a3200524eb0076cc027a970d320bd3a6592873c85c92a08731/PyYAML-6.0.2-cp313-cp313-macosx_11_0_arm64.whl", hash = "sha256:50187695423ffe49e2deacb8cd10510bc361faac997de9efef88badc3bb9e2d1", size = 171679, upload-time = "2024-08-06T20:32:44.801Z" },
    { url = "https://files.pythonhosted.org/packages/7c/9a/337322f27005c33bcb656c655fa78325b730324c78620e8328ae28b64d0c/PyYAML-6.0.2-cp313-cp313-manylinux_2_17_aarch64.manylinux2014_aarch64.whl", hash = "sha256:0ffe8360bab4910ef1b9e87fb812d8bc0a308b0d0eef8c8f44e0254ab3b07133", size = 733428, upload-time = "2024-08-06T20:32:46.432Z" },
    { url = "https://files.pythonhosted.org/packages/a3/69/864fbe19e6c18ea3cc196cbe5d392175b4cf3d5d0ac1403ec3f2d237ebb5/PyYAML-6.0.2-cp313-cp313-manylinux_2_17_s390x.manylinux2014_s390x.whl", hash = "sha256:17e311b6c678207928d649faa7cb0d7b4c26a0ba73d41e99c4fff6b6c3276484", size = 763361, upload-time = "2024-08-06T20:32:51.188Z" },
    { url = "https://files.pythonhosted.org/packages/04/24/b7721e4845c2f162d26f50521b825fb061bc0a5afcf9a386840f23ea19fa/PyYAML-6.0.2-cp313-cp313-manylinux_2_17_x86_64.manylinux2014_x86_64.whl", hash = "sha256:70b189594dbe54f75ab3a1acec5f1e3faa7e8cf2f1e08d9b561cb41b845f69d5", size = 759523, upload-time = "2024-08-06T20:32:53.019Z" },
    { url = "https://files.pythonhosted.org/packages/2b/b2/e3234f59ba06559c6ff63c4e10baea10e5e7df868092bf9ab40e5b9c56b6/PyYAML-6.0.2-cp313-cp313-musllinux_1_1_aarch64.whl", hash = "sha256:41e4e3953a79407c794916fa277a82531dd93aad34e29c2a514c2c0c5fe971cc", size = 726660, upload-time = "2024-08-06T20:32:54.708Z" },
    { url = "https://files.pythonhosted.org/packages/fe/0f/25911a9f080464c59fab9027482f822b86bf0608957a5fcc6eaac85aa515/PyYAML-6.0.2-cp313-cp313-musllinux_1_1_x86_64.whl", hash = "sha256:68ccc6023a3400877818152ad9a1033e3db8625d899c72eacb5a668902e4d652", size = 751597, upload-time = "2024-08-06T20:32:56.985Z" },
    { url = "https://files.pythonhosted.org/packages/14/0d/e2c3b43bbce3cf6bd97c840b46088a3031085179e596d4929729d8d68270/PyYAML-6.0.2-cp313-cp313-win32.whl", hash = "sha256:bc2fa7c6b47d6bc618dd7fb02ef6fdedb1090ec036abab80d4681424b84c1183", size = 140527, upload-time = "2024-08-06T20:33:03.001Z" },
    { url = "https://files.pythonhosted.org/packages/fa/de/02b54f42487e3d3c6efb3f89428677074ca7bf43aae402517bc7cca949f3/PyYAML-6.0.2-cp313-cp313-win_amd64.whl", hash = "sha256:8388ee1976c416731879ac16da0aff3f63b286ffdd57cdeb95f3f2e085687563", size = 156446, upload-time = "2024-08-06T20:33:04.33Z" },
]

[[package]]
name = "toml"
version = "0.10.2"
source = { registry = "https://pypi.org/simple" }
sdist = { url = "https://files.pythonhosted.org/packages/be/ba/1f744cdc819428fc6b5084ec34d9b30660f6f9daaf70eead706e3203ec3c/toml-0.10.2.tar.gz", hash = "sha256:b3bda1d108d5dd99f4a20d24d9c348e91c4db7ab1b749200bded2f839ccbe68f", size = 22253, upload-time = "2020-11-01T01:40:22.204Z" }
wheels = [
    { url = "https://files.pythonhosted.org/packages/44/6f/7120676b6d73228c96e17f1f794d8ab046fc910d781c8d151120c3f1569e/toml-0.10.2-py2.py3-none-any.whl", hash = "sha256:806143ae5bfb6a3c6e736a764057db0e6a0e05e338b5630894a5f779cabb4f9b", size = 16588, upload-time = "2020-11-01T01:40:20.672Z" },
]

[[package]]
name = "typing-extensions"
version = "4.14.1"
source = { registry = "https://pypi.org/simple" }
sdist = { url = "https://files.pythonhosted.org/packages/98/5a/da40306b885cc8c09109dc2e1abd358d5684b1425678151cdaed4731c822/typing_extensions-4.14.1.tar.gz", hash = "sha256:38b39f4aeeab64884ce9f74c94263ef78f3c22467c8724005483154c26648d36", size = 107673, upload-time = "2025-07-04T13:28:34.16Z" }
wheels = [
    { url = "https://files.pythonhosted.org/packages/b5/00/d631e67a838026495268c2f6884f3711a15a9a2a96cd244fdaea53b823fb/typing_extensions-4.14.1-py3-none-any.whl", hash = "sha256:d1e1e3b58374dc93031d6eda2420a48ea44a36c2b4766a4fdeb3710755731d76", size = 43906, upload-time = "2025-07-04T13:28:32.743Z" },
]

[[package]]
name = "yapf"
version = "0.43.0"
source = { registry = "https://pypi.org/simple" }
dependencies = [
    { name = "platformdirs" },
]
sdist = { url = "https://files.pythonhosted.org/packages/23/97/b6f296d1e9cc1ec25c7604178b48532fa5901f721bcf1b8d8148b13e5588/yapf-0.43.0.tar.gz", hash = "sha256:00d3aa24bfedff9420b2e0d5d9f5ab6d9d4268e72afbf59bb3fa542781d5218e", size = 254907, upload-time = "2024-11-14T00:11:41.584Z" }
wheels = [
    { url = "https://files.pythonhosted.org/packages/37/81/6acd6601f61e31cfb8729d3da6d5df966f80f374b78eff83760714487338/yapf-0.43.0-py3-none-any.whl", hash = "sha256:224faffbc39c428cb095818cf6ef5511fdab6f7430a10783fdfb292ccf2852ca", size = 256158, upload-time = "2024-11-14T00:11:39.37Z" },
]
